
Microsoft Visual Studio Solution File, Format Version 12.00
# Visual Studio Version 17
VisualStudioVersion = 17.9.34622.214
MinimumVisualStudioVersion = 10.0.40219.1
Project("{9A19103F-16F7-4668-BE54-9A1E7A4F7556}") = "ConsoleApp8", "ConsoleApp8\ConsoleApp8.csproj", "{A9B74FC9-9A54-47CB-91C5-2A275EA4F823}"
EndProject
Project("{9A19103F-16F7-4668-BE54-9A1E7A4F7556}") = "Lesson8", "Lesson8\Lesson8.csproj", "{20AE1303-188A-4F35-8FDF-B3676DDA78C4}"
EndProject
Project("{9A19103F-16F7-4668-BE54-9A1E7A4F7556}") = "ConsoleApp1", "ConsoleApp1\ConsoleApp1.csproj", "{49197296-4C0A-4F71-9E14-85E4930BD174}"
EndProject
Project("{9A19103F-16F7-4668-BE54-9A1E7A4F7556}") = "Lesson8.2", "Lesson8.2\Lesson8.2.csproj", "{E04282E6-CC11-48BD-9090-FB8F1460A5D9}"
EndProject
Project("{9A19103F-16F7-4668-BE54-9A1E7A4F7556}") = "Lesson 9.1", "Lesson 9.1\Lesson 9.1.csproj", "{1348B5F5-B788-4373-BD7F-434356D3A53D}"
EndProject
Project("{9A19103F-16F7-4668-BE54-9A1E7A4F7556}") = "Lesson 9.2", "Lesson 9.2\Lesson 9.2.csproj", "{1F3B81DE-0639-4EF0-BC2F-098AA8D84282}"
EndProject
Project("{9A19103F-16F7-4668-BE54-9A1E7A4F7556}") = "Lesson 10.1", "Lesson 10.1\Lesson 10.1.csproj", "{67714FD8-2F55-42D8-8C27-B22381D8FCCB}"
EndProject
Project("{9A19103F-16F7-4668-BE54-9A1E7A4F7556}") = "Lesson 10.2", "Lesson 10.2\Lesson 10.2.csproj", "{374DB683-DA13-4AB0-B432-170B0BCC2F28}"
EndProject
Project("{9A19103F-16F7-4668-BE54-9A1E7A4F7556}") = "Lesson 11.1", "Lesson 11.1\Lesson 11.1.csproj", "{2F022CE7-94FF-4C51-91CE-92C86DF6067B}"
EndProject
Project("{9A19103F-16F7-4668-BE54-9A1E7A4F7556}") = "ClassWork", "ClassWork\ClassWork.csproj", "{BDFC4D74-E3B8-481E-A64A-3E34831229F9}"
EndProject
Project("{9A19103F-16F7-4668-BE54-9A1E7A4F7556}") = "Lesson 11.2", "Lesson 11.2\Lesson 11.2.csproj", "{E70A3DFB-A538-4577-A063-99D7EA997F8C}"
EndProject
Project("{9A19103F-16F7-4668-BE54-9A1E7A4F7556}") = "Lesson 11.4", "Lesson 11.4\Lesson 11.4.csproj", "{AF415789-C35E-4D9B-B7EC-84D548737B38}"
EndProject
Project("{9A19103F-16F7-4668-BE54-9A1E7A4F7556}") = "Lesson 11.3", "Lesson 11.3\Lesson 11.3.csproj", "{0FF58B98-D278-4520-89D2-C0DA328F29AF}"
EndProject
Project("{9A19103F-16F7-4668-BE54-9A1E7A4F7556}") = "Lesson 13.1", "Lesson 13.1\Lesson 13.1.csproj", "{7E489B9C-D5D8-4355-AE0D-BB63C5E6386F}"
EndProject
Project("{9A19103F-16F7-4668-BE54-9A1E7A4F7556}") = "Lesson 12.2", "Lesson 12.2\Lesson 12.2.csproj", "{B4CBD9E1-E99B-465E-9E49-C805DCB5E163}"
EndProject
Project("{9A19103F-16F7-4668-BE54-9A1E7A4F7556}") = "Lesson 13.2", "Lesson 13.2\Lesson 13.2.csproj", "{6B21A307-4615-4469-8222-BFE60980B362}"
EndProject
Project("{9A19103F-16F7-4668-BE54-9A1E7A4F7556}") = "Lesson 12.1", "Lesson 12.1\Lesson 12.1.csproj", "{10FEFF92-6822-4CF9-B995-8FF1A4CF89FF}"
EndProject
Project("{9A19103F-16F7-4668-BE54-9A1E7A4F7556}") = "Lesson 14.1", "Lesson 14.1\Lesson 14.1.csproj", "{EB2AEEC6-9350-4993-B4AD-91504375C6D8}"
EndProject
Project("{FAE04EC0-301F-11D3-BF4B-00C04F79EFBC}") = "Lesson 15.1", "Lesson 15.1\Lesson 15.1.csproj", "{DF2B099C-DF93-4CDA-9B34-37250D8BE798}"
EndProject
Project("{FAE04EC0-301F-11D3-BF4B-00C04F79EFBC}") = "Lesson 15.2", "Lesson 15.2\Lesson 15.2.csproj", "{8CB3FCBF-38D6-4BB1-A090-F2CF05A2D035}"
EndProject
Project("{FAE04EC0-301F-11D3-BF4B-00C04F79EFBC}") = "Lesson 14.2", "Lesson 14.2\Lesson 14.2.csproj", "{4C565BD8-2716-4FCB-9640-7CFC6DDED8AE}"
EndProject
Global
	GlobalSection(SolutionConfigurationPlatforms) = preSolution
		Debug|Any CPU = Debug|Any CPU
		Release|Any CPU = Release|Any CPU
	EndGlobalSection
	GlobalSection(ProjectConfigurationPlatforms) = postSolution
		{A9B74FC9-9A54-47CB-91C5-2A275EA4F823}.Debug|Any CPU.ActiveCfg = Debug|Any CPU
		{A9B74FC9-9A54-47CB-91C5-2A275EA4F823}.Debug|Any CPU.Build.0 = Debug|Any CPU
		{A9B74FC9-9A54-47CB-91C5-2A275EA4F823}.Release|Any CPU.ActiveCfg = Release|Any CPU
		{A9B74FC9-9A54-47CB-91C5-2A275EA4F823}.Release|Any CPU.Build.0 = Release|Any CPU
		{20AE1303-188A-4F35-8FDF-B3676DDA78C4}.Debug|Any CPU.ActiveCfg = Debug|Any CPU
		{20AE1303-188A-4F35-8FDF-B3676DDA78C4}.Debug|Any CPU.Build.0 = Debug|Any CPU
		{20AE1303-188A-4F35-8FDF-B3676DDA78C4}.Release|Any CPU.ActiveCfg = Release|Any CPU
		{20AE1303-188A-4F35-8FDF-B3676DDA78C4}.Release|Any CPU.Build.0 = Release|Any CPU
		{49197296-4C0A-4F71-9E14-85E4930BD174}.Debug|Any CPU.ActiveCfg = Debug|Any CPU
		{49197296-4C0A-4F71-9E14-85E4930BD174}.Debug|Any CPU.Build.0 = Debug|Any CPU
		{49197296-4C0A-4F71-9E14-85E4930BD174}.Release|Any CPU.ActiveCfg = Release|Any CPU
		{49197296-4C0A-4F71-9E14-85E4930BD174}.Release|Any CPU.Build.0 = Release|Any CPU
		{E04282E6-CC11-48BD-9090-FB8F1460A5D9}.Debug|Any CPU.ActiveCfg = Debug|Any CPU
		{E04282E6-CC11-48BD-9090-FB8F1460A5D9}.Debug|Any CPU.Build.0 = Debug|Any CPU
		{E04282E6-CC11-48BD-9090-FB8F1460A5D9}.Release|Any CPU.ActiveCfg = Release|Any CPU
		{E04282E6-CC11-48BD-9090-FB8F1460A5D9}.Release|Any CPU.Build.0 = Release|Any CPU
		{1348B5F5-B788-4373-BD7F-434356D3A53D}.Debug|Any CPU.ActiveCfg = Debug|Any CPU
		{1348B5F5-B788-4373-BD7F-434356D3A53D}.Debug|Any CPU.Build.0 = Debug|Any CPU
		{1348B5F5-B788-4373-BD7F-434356D3A53D}.Release|Any CPU.ActiveCfg = Release|Any CPU
		{1348B5F5-B788-4373-BD7F-434356D3A53D}.Release|Any CPU.Build.0 = Release|Any CPU
		{1F3B81DE-0639-4EF0-BC2F-098AA8D84282}.Debug|Any CPU.ActiveCfg = Debug|Any CPU
		{1F3B81DE-0639-4EF0-BC2F-098AA8D84282}.Debug|Any CPU.Build.0 = Debug|Any CPU
		{1F3B81DE-0639-4EF0-BC2F-098AA8D84282}.Release|Any CPU.ActiveCfg = Release|Any CPU
		{1F3B81DE-0639-4EF0-BC2F-098AA8D84282}.Release|Any CPU.Build.0 = Release|Any CPU
		{67714FD8-2F55-42D8-8C27-B22381D8FCCB}.Debug|Any CPU.ActiveCfg = Debug|Any CPU
		{67714FD8-2F55-42D8-8C27-B22381D8FCCB}.Debug|Any CPU.Build.0 = Debug|Any CPU
		{67714FD8-2F55-42D8-8C27-B22381D8FCCB}.Release|Any CPU.ActiveCfg = Release|Any CPU
		{67714FD8-2F55-42D8-8C27-B22381D8FCCB}.Release|Any CPU.Build.0 = Release|Any CPU
		{374DB683-DA13-4AB0-B432-170B0BCC2F28}.Debug|Any CPU.ActiveCfg = Debug|Any CPU
		{374DB683-DA13-4AB0-B432-170B0BCC2F28}.Debug|Any CPU.Build.0 = Debug|Any CPU
		{374DB683-DA13-4AB0-B432-170B0BCC2F28}.Release|Any CPU.ActiveCfg = Release|Any CPU
		{374DB683-DA13-4AB0-B432-170B0BCC2F28}.Release|Any CPU.Build.0 = Release|Any CPU
		{2F022CE7-94FF-4C51-91CE-92C86DF6067B}.Debug|Any CPU.ActiveCfg = Debug|Any CPU
		{2F022CE7-94FF-4C51-91CE-92C86DF6067B}.Debug|Any CPU.Build.0 = Debug|Any CPU
		{2F022CE7-94FF-4C51-91CE-92C86DF6067B}.Release|Any CPU.ActiveCfg = Release|Any CPU
		{2F022CE7-94FF-4C51-91CE-92C86DF6067B}.Release|Any CPU.Build.0 = Release|Any CPU
		{BDFC4D74-E3B8-481E-A64A-3E34831229F9}.Debug|Any CPU.ActiveCfg = Debug|Any CPU
		{BDFC4D74-E3B8-481E-A64A-3E34831229F9}.Debug|Any CPU.Build.0 = Debug|Any CPU
		{BDFC4D74-E3B8-481E-A64A-3E34831229F9}.Release|Any CPU.ActiveCfg = Release|Any CPU
		{BDFC4D74-E3B8-481E-A64A-3E34831229F9}.Release|Any CPU.Build.0 = Release|Any CPU
		{E70A3DFB-A538-4577-A063-99D7EA997F8C}.Debug|Any CPU.ActiveCfg = Debug|Any CPU
		{E70A3DFB-A538-4577-A063-99D7EA997F8C}.Debug|Any CPU.Build.0 = Debug|Any CPU
		{E70A3DFB-A538-4577-A063-99D7EA997F8C}.Release|Any CPU.ActiveCfg = Release|Any CPU
		{E70A3DFB-A538-4577-A063-99D7EA997F8C}.Release|Any CPU.Build.0 = Release|Any CPU
		{AF415789-C35E-4D9B-B7EC-84D548737B38}.Debug|Any CPU.ActiveCfg = Debug|Any CPU
		{AF415789-C35E-4D9B-B7EC-84D548737B38}.Debug|Any CPU.Build.0 = Debug|Any CPU
		{AF415789-C35E-4D9B-B7EC-84D548737B38}.Release|Any CPU.ActiveCfg = Release|Any CPU
		{AF415789-C35E-4D9B-B7EC-84D548737B38}.Release|Any CPU.Build.0 = Release|Any CPU
		{0FF58B98-D278-4520-89D2-C0DA328F29AF}.Debug|Any CPU.ActiveCfg = Debug|Any CPU
		{0FF58B98-D278-4520-89D2-C0DA328F29AF}.Debug|Any CPU.Build.0 = Debug|Any CPU
		{0FF58B98-D278-4520-89D2-C0DA328F29AF}.Release|Any CPU.ActiveCfg = Release|Any CPU
		{0FF58B98-D278-4520-89D2-C0DA328F29AF}.Release|Any CPU.Build.0 = Release|Any CPU
		{7E489B9C-D5D8-4355-AE0D-BB63C5E6386F}.Debug|Any CPU.ActiveCfg = Debug|Any CPU
		{7E489B9C-D5D8-4355-AE0D-BB63C5E6386F}.Debug|Any CPU.Build.0 = Debug|Any CPU
		{7E489B9C-D5D8-4355-AE0D-BB63C5E6386F}.Release|Any CPU.ActiveCfg = Release|Any CPU
		{7E489B9C-D5D8-4355-AE0D-BB63C5E6386F}.Release|Any CPU.Build.0 = Release|Any CPU
		{B4CBD9E1-E99B-465E-9E49-C805DCB5E163}.Debug|Any CPU.ActiveCfg = Debug|Any CPU
		{B4CBD9E1-E99B-465E-9E49-C805DCB5E163}.Debug|Any CPU.Build.0 = Debug|Any CPU
		{B4CBD9E1-E99B-465E-9E49-C805DCB5E163}.Release|Any CPU.ActiveCfg = Release|Any CPU
		{B4CBD9E1-E99B-465E-9E49-C805DCB5E163}.Release|Any CPU.Build.0 = Release|Any CPU
		{6B21A307-4615-4469-8222-BFE60980B362}.Debug|Any CPU.ActiveCfg = Debug|Any CPU
		{6B21A307-4615-4469-8222-BFE60980B362}.Debug|Any CPU.Build.0 = Debug|Any CPU
		{6B21A307-4615-4469-8222-BFE60980B362}.Release|Any CPU.ActiveCfg = Release|Any CPU
		{6B21A307-4615-4469-8222-BFE60980B362}.Release|Any CPU.Build.0 = Release|Any CPU
		{10FEFF92-6822-4CF9-B995-8FF1A4CF89FF}.Debug|Any CPU.ActiveCfg = Debug|Any CPU
		{10FEFF92-6822-4CF9-B995-8FF1A4CF89FF}.Debug|Any CPU.Build.0 = Debug|Any CPU
		{10FEFF92-6822-4CF9-B995-8FF1A4CF89FF}.Release|Any CPU.ActiveCfg = Release|Any CPU
		{10FEFF92-6822-4CF9-B995-8FF1A4CF89FF}.Release|Any CPU.Build.0 = Release|Any CPU
		{EB2AEEC6-9350-4993-B4AD-91504375C6D8}.Debug|Any CPU.ActiveCfg = Debug|Any CPU
		{EB2AEEC6-9350-4993-B4AD-91504375C6D8}.Debug|Any CPU.Build.0 = Debug|Any CPU
		{EB2AEEC6-9350-4993-B4AD-91504375C6D8}.Release|Any CPU.ActiveCfg = Release|Any CPU
		{EB2AEEC6-9350-4993-B4AD-91504375C6D8}.Release|Any CPU.Build.0 = Release|Any CPU
		{DF2B099C-DF93-4CDA-9B34-37250D8BE798}.Debug|Any CPU.ActiveCfg = Debug|Any CPU
		{DF2B099C-DF93-4CDA-9B34-37250D8BE798}.Debug|Any CPU.Build.0 = Debug|Any CPU
		{DF2B099C-DF93-4CDA-9B34-37250D8BE798}.Release|Any CPU.ActiveCfg = Release|Any CPU
		{DF2B099C-DF93-4CDA-9B34-37250D8BE798}.Release|Any CPU.Build.0 = Release|Any CPU
		{8CB3FCBF-38D6-4BB1-A090-F2CF05A2D035}.Debug|Any CPU.ActiveCfg = Debug|Any CPU
		{8CB3FCBF-38D6-4BB1-A090-F2CF05A2D035}.Debug|Any CPU.Build.0 = Debug|Any CPU
		{8CB3FCBF-38D6-4BB1-A090-F2CF05A2D035}.Release|Any CPU.ActiveCfg = Release|Any CPU
		{8CB3FCBF-38D6-4BB1-A090-F2CF05A2D035}.Release|Any CPU.Build.0 = Release|Any CPU
		{4C565BD8-2716-4FCB-9640-7CFC6DDED8AE}.Debug|Any CPU.ActiveCfg = Debug|Any CPU
		{4C565BD8-2716-4FCB-9640-7CFC6DDED8AE}.Debug|Any CPU.Build.0 = Debug|Any CPU
		{4C565BD8-2716-4FCB-9640-7CFC6DDED8AE}.Release|Any CPU.ActiveCfg = Release|Any CPU
		{4C565BD8-2716-4FCB-9640-7CFC6DDED8AE}.Release|Any CPU.Build.0 = Release|Any CPU
	EndGlobalSection
	GlobalSection(SolutionProperties) = preSolution
		HideSolutionNode = FALSE
	EndGlobalSection
	GlobalSection(ExtensibilityGlobals) = postSolution
		SolutionGuid = {BA1B4DFC-73F8-4DDE-9643-F084E4CF65D3}
	EndGlobalSection
EndGlobal
