
Microsoft Visual Studio Solution File, Format Version 12.00
# Visual Studio Version 17
VisualStudioVersion = 17.9.34622.214
MinimumVisualStudioVersion = 10.0.40219.1
Project("{9A19103F-16F7-4668-BE54-9A1E7A4F7556}") = "ConsoleApp8", "ConsoleApp8\ConsoleApp8.csproj", "{A9B74FC9-9A54-47CB-91C5-2A275EA4F823}"
EndProject
Project("{9A19103F-16F7-4668-BE54-9A1E7A4F7556}") = "Lesson8", "Lesson8\Lesson8.csproj", "{20AE1303-188A-4F35-8FDF-B3676DDA78C4}"
EndProject
Project("{9A19103F-16F7-4668-BE54-9A1E7A4F7556}") = "ConsoleApp1", "ConsoleApp1\ConsoleApp1.csproj", "{49197296-4C0A-4F71-9E14-85E4930BD174}"
EndProject
Project("{9A19103F-16F7-4668-BE54-9A1E7A4F7556}") = "Lesson8.2", "Lesson8.2\Lesson8.2.csproj", "{E04282E6-CC11-48BD-9090-FB8F1460A5D9}"
EndProject
Project("{9A19103F-16F7-4668-BE54-9A1E7A4F7556}") = "Lesson 9.1", "Lesson 9.1\Lesson 9.1.csproj", "{1348B5F5-B788-4373-BD7F-434356D3A53D}"
EndProject
Project("{9A19103F-16F7-4668-BE54-9A1E7A4F7556}") = "Lesson 9.2", "Lesson 9.2\Lesson 9.2.csproj", "{1F3B81DE-0639-4EF0-BC2F-098AA8D84282}"
EndProject
Project("{9A19103F-16F7-4668-BE54-9A1E7A4F7556}") = "Lesson 10.1", "Lesson 10.1\Lesson 10.1.csproj", "{67714FD8-2F55-42D8-8C27-B22381D8FCCB}"
EndProject
Project("{9A19103F-16F7-4668-BE54-9A1E7A4F7556}") = "Lesson 10.2", "Lesson 10.2\Lesson 10.2.csproj", "{374DB683-DA13-4AB0-B432-170B0BCC2F28}"
EndProject
Project("{9A19103F-16F7-4668-BE54-9A1E7A4F7556}") = "Lesson 11.1", "Lesson 11.1\Lesson 11.1.csproj", "{2F022CE7-94FF-4C51-91CE-92C86DF6067B}"
EndProject
Project("{9A19103F-16F7-4668-BE54-9A1E7A4F7556}") = "ClassWork", "ClassWork\ClassWork.csproj", "{BDFC4D74-E3B8-481E-A64A-3E34831229F9}"
EndProject
Project("{9A19103F-16F7-4668-BE54-9A1E7A4F7556}") = "Lesson 11.2", "Lesson 11.2\Lesson 11.2.csproj", "{E70A3DFB-A538-4577-A063-99D7EA997F8C}"
EndProject
Project("{9A19103F-16F7-4668-BE54-9A1E7A4F7556}") = "Lesson 11.4", "Lesson 11.4\Lesson 11.4.csproj", "{AF415789-C35E-4D9B-B7EC-84D548737B38}"
EndProject
Project("{9A19103F-16F7-4668-BE54-9A1E7A4F7556}") = "Lesson 11.3", "Lesson 11.3\Lesson 11.3.csproj", "{0FF58B98-D278-4520-89D2-C0DA328F29AF}"
EndProject
Project("{9A19103F-16F7-4668-BE54-9A1E7A4F7556}") = "Lesson 13.1", "Lesson 13.1\Lesson 13.1.csproj", "{7E489B9C-D5D8-4355-AE0D-BB63C5E6386F}"
EndProject
Project("{9A19103F-16F7-4668-BE54-9A1E7A4F7556}") = "Lesson 12.2", "Lesson 12.2\Lesson 12.2.csproj", "{B4CBD9E1-E99B-465E-9E49-C805DCB5E163}"
EndProject
Project("{9A19103F-16F7-4668-BE54-9A1E7A4F7556}") = "Lesson 13.2", "Lesson 13.2\Lesson 13.2.csproj", "{6B21A307-4615-4469-8222-BFE60980B362}"
EndProject
Project("{9A19103F-16F7-4668-BE54-9A1E7A4F7556}") = "Lesson 12.1", "Lesson 12.1\Lesson 12.1.csproj", "{10FEFF92-6822-4CF9-B995-8FF1A4CF89FF}"
EndProject
Project("{9A19103F-16F7-4668-BE54-9A1E7A4F7556}") = "Lesson 14.1", "Lesson 14.1\Lesson 14.1.csproj", "{EB2AEEC6-9350-4993-B4AD-91504375C6D8}"
EndProject
Project("{9A19103F-16F7-4668-BE54-9A1E7A4F7556}") = "Lesson 15.1", "Lesson 15.1\Lesson 15.1.csproj", "{DF2B099C-DF93-4CDA-9B34-37250D8BE798}"
EndProject
Project("{9A19103F-16F7-4668-BE54-9A1E7A4F7556}") = "Lesson 15.2", "Lesson 15.2\Lesson 15.2.csproj", "{8CB3FCBF-38D6-4BB1-A090-F2CF05A2D035}"
EndProject
Project("{9A19103F-16F7-4668-BE54-9A1E7A4F7556}") = "Lesson 14.2", "Lesson 14.2\Lesson 14.2.csproj", "{4C565BD8-2716-4FCB-9640-7CFC6DDED8AE}"
EndProject
Project("{9A19103F-16F7-4668-BE54-9A1E7A4F7556}") = "Lesson 15.3", "Lesson 15.3\Lesson 15.3.csproj", "{F4BA9578-BF3B-461E-B80C-37E34B895600}"
EndProject
Project("{9A19103F-16F7-4668-BE54-9A1E7A4F7556}") = "Lesson 15.4", "Lesson 15.4\Lesson 15.4.csproj", "{FB2E068F-1241-48C8-B058-18A0B5414EB6}"
EndProject
Project("{9A19103F-16F7-4668-BE54-9A1E7A4F7556}") = "Lesson 16.4", "Lesson 16.4\Lesson 16.4.csproj", "{1EADDDE2-4D7A-4D70-98DD-A392F4155932}"
EndProject
Project("{9A19103F-16F7-4668-BE54-9A1E7A4F7556}") = "Les 17.1", "Les 17.1\Les 17.1.csproj", "{86175E31-7E99-4600-84B5-227DE661EDC8}"
EndProject
Project("{9A19103F-16F7-4668-BE54-9A1E7A4F7556}") = "Lesson 16.1", "Lesson 16.1\Lesson 16.1.csproj", "{8F5010F8-8015-4097-A7D0-1CA912790F92}"
EndProject
Project("{9A19103F-16F7-4668-BE54-9A1E7A4F7556}") = "Lesson 17.2", "Lesson 17.2\Lesson 17.2.csproj", "{AA04CA38-B729-4A2F-81D4-35B103FAD7E7}"
EndProject
Project("{9A19103F-16F7-4668-BE54-9A1E7A4F7556}") = "18.1", "18.1\18.1.csproj", "{1F8DE941-4644-4FE4-AD65-A62711D4E5ED}"
EndProject
Project("{9A19103F-16F7-4668-BE54-9A1E7A4F7556}") = "Lesson 18.2", "Lesson 18.2\Lesson 18.2.csproj", "{5A266996-6ECA-4086-A4C6-259B1A6EDEF4}"
EndProject
Project("{9A19103F-16F7-4668-BE54-9A1E7A4F7556}") = "Lesson 19", "Lesson 19\Lesson 19.csproj", "{2025D0A3-9D89-44E5-9984-739D141462BB}"
EndProject
Project("{9A19103F-16F7-4668-BE54-9A1E7A4F7556}") = "tic tik", "tic tik\tic tik.csproj", "{C05CFD8E-6167-4541-B8DB-8C35190E9AEB}"
EndProject
Project("{9A19103F-16F7-4668-BE54-9A1E7A4F7556}") = "Lesson 20.1", "Lesson 20.1\Lesson 20.1.csproj", "{EDC51712-CA9A-4D09-B793-093A6A1B4CD9}"
EndProject
Project("{9A19103F-16F7-4668-BE54-9A1E7A4F7556}") = "Lesson 20.2", "Lesson 20.2\Lesson 20.2.csproj", "{94FFA355-14AD-40AF-95DC-4B2FB3AEEEF1}"
EndProject
Project("{9A19103F-16F7-4668-BE54-9A1E7A4F7556}") = "Lesson 20.2.2", "Lesson 20.2.2\Lesson 20.2.2.csproj", "{E63E6A6F-D00B-489F-982C-D582E8C74398}"
EndProject
Project("{9A19103F-16F7-4668-BE54-9A1E7A4F7556}") = "Lesson 20.1-2", "Lesson 20.1-2\Lesson 20.1-2.csproj", "{D8A522A6-BF5A-49ED-B726-4B2DC67A1458}"
EndProject
Project("{9A19103F-16F7-4668-BE54-9A1E7A4F7556}") = "Lesson 21.1", "Lesson 21.1\Lesson 21.1.csproj", "{CA896785-7DF9-4582-9F8D-FC6955AA3034}"
EndProject
Project("{9A19103F-16F7-4668-BE54-9A1E7A4F7556}") = "Lesson 21.2", "Lesson 21.2\Lesson 21.2.csproj", "{B5333396-A0C9-4A88-84FF-BE62DBD5F88F}"
EndProject
Project("{9A19103F-16F7-4668-BE54-9A1E7A4F7556}") = "Lesson 21.3", "Lesson 21.3\Lesson 21.3.csproj", "{FC6CC8A0-EA31-4DF3-B068-7E361B459D5C}"
EndProject
Project("{9A19103F-16F7-4668-BE54-9A1E7A4F7556}") = "Lesson 21.4", "Lesson 21.4\Lesson 21.4.csproj", "{ED7741B5-610B-4B12-88F1-8FE0D6C07215}"
EndProject
Project("{9A19103F-16F7-4668-BE54-9A1E7A4F7556}") = "Lesson 22.2", "Lesson 22.2\Lesson 22.2.csproj", "{DE3D88CC-5F16-4097-960C-9EAA85A04844}"
EndProject
Project("{9A19103F-16F7-4668-BE54-9A1E7A4F7556}") = "Lesson 22.1", "Lesson 22.1\Lesson 22.1.csproj", "{DDF90E2D-8B94-40D7-A71D-9507FBCC81D6}"
EndProject
Project("{9A19103F-16F7-4668-BE54-9A1E7A4F7556}") = "Lesson 25.2", "Lesson 25.2\Lesson 25.2.csproj", "{DAFF67DF-114C-403D-B78F-02ABFB7F714C}"
EndProject
Project("{9A19103F-16F7-4668-BE54-9A1E7A4F7556}") = "Lesson 24.1", "Lesson 24.1\Lesson 24.1.csproj", "{A982DD3F-B03B-4CCE-A039-6361FFAEFDBA}"
EndProject
Project("{9A19103F-16F7-4668-BE54-9A1E7A4F7556}") = "Lesson 24.2", "Lesson 24.2\Lesson 24.2.csproj", "{A52E754A-F618-43BE-8490-0BEAA46D45DD}"
EndProject
Project("{9A19103F-16F7-4668-BE54-9A1E7A4F7556}") = "Lesson 25_1", "Lesson 25_1\Lesson 25_1.csproj", "{AA42D1FC-1695-493D-AC92-7B5777C7C17F}"
EndProject
Project("{9A19103F-16F7-4668-BE54-9A1E7A4F7556}") = "Lesson 26.1", "Lesson 26.1\Lesson 26.1.csproj", "{E884C34B-E8F5-411E-A935-DD7201C0F22A}"
EndProject
Project("{9A19103F-16F7-4668-BE54-9A1E7A4F7556}") = "Lesson 26.2", "Lesson 26.2\Lesson 26.2.csproj", "{D4AB6D6A-0B83-4C1B-9B49-0D4F06F6B0D4}"
EndProject
Project("{9A19103F-16F7-4668-BE54-9A1E7A4F7556}") = "Lesson 27.1", "Lesson 27.1\Lesson 27.1.csproj", "{1DCC8335-C926-4C6E-A057-E0704E0F3F85}"
EndProject
Project("{9A19103F-16F7-4668-BE54-9A1E7A4F7556}") = "Lesson 27.3", "Lesson 27.3\Lesson 27.3.csproj", "{3076969F-0597-4D71-853A-31C61DFB3A4C}"
EndProject
Project("{9A19103F-16F7-4668-BE54-9A1E7A4F7556}") = "Lesson 30.1", "Lesson 30.1\Lesson 30.1.csproj", "{A56FCDD4-8918-4013-B463-797C15BF8C7E}"
EndProject
Project("{9A19103F-16F7-4668-BE54-9A1E7A4F7556}") = "Lesson 28.1", "Lesson 28.1\Lesson 28.1.csproj", "{5474BCDC-1D27-4BF2-B1C4-9B4B3DDD9C6A}"
EndProject
Project("{9A19103F-16F7-4668-BE54-9A1E7A4F7556}") = "Lesson 28.2", "Lesson 28.2\Lesson 28.2.csproj", "{1FAC22D0-6D8F-4188-8584-98F88C19AE99}"
EndProject
Project("{9A19103F-16F7-4668-BE54-9A1E7A4F7556}") = "Lesson 28.3", "Lesson 28.3\Lesson 28.3.csproj", "{8E54F78B-F48A-4920-8706-A4193F6DA2A0}"
EndProject
Project("{FAE04EC0-301F-11D3-BF4B-00C04F79EFBC}") = "Lesson 28.4", "Lesson 28.4\Lesson 28.4.csproj", "{B82C6657-AD03-46A7-8B50-1939189E712A}"
EndProject
Global
	GlobalSection(SolutionConfigurationPlatforms) = preSolution
		Debug|Any CPU = Debug|Any CPU
		Release|Any CPU = Release|Any CPU
	EndGlobalSection
	GlobalSection(ProjectConfigurationPlatforms) = postSolution
		{A9B74FC9-9A54-47CB-91C5-2A275EA4F823}.Debug|Any CPU.ActiveCfg = Debug|Any CPU
		{A9B74FC9-9A54-47CB-91C5-2A275EA4F823}.Debug|Any CPU.Build.0 = Debug|Any CPU
		{A9B74FC9-9A54-47CB-91C5-2A275EA4F823}.Release|Any CPU.ActiveCfg = Release|Any CPU
		{A9B74FC9-9A54-47CB-91C5-2A275EA4F823}.Release|Any CPU.Build.0 = Release|Any CPU
		{20AE1303-188A-4F35-8FDF-B3676DDA78C4}.Debug|Any CPU.ActiveCfg = Debug|Any CPU
		{20AE1303-188A-4F35-8FDF-B3676DDA78C4}.Debug|Any CPU.Build.0 = Debug|Any CPU
		{20AE1303-188A-4F35-8FDF-B3676DDA78C4}.Release|Any CPU.ActiveCfg = Release|Any CPU
		{20AE1303-188A-4F35-8FDF-B3676DDA78C4}.Release|Any CPU.Build.0 = Release|Any CPU
		{49197296-4C0A-4F71-9E14-85E4930BD174}.Debug|Any CPU.ActiveCfg = Debug|Any CPU
		{49197296-4C0A-4F71-9E14-85E4930BD174}.Debug|Any CPU.Build.0 = Debug|Any CPU
		{49197296-4C0A-4F71-9E14-85E4930BD174}.Release|Any CPU.ActiveCfg = Release|Any CPU
		{49197296-4C0A-4F71-9E14-85E4930BD174}.Release|Any CPU.Build.0 = Release|Any CPU
		{E04282E6-CC11-48BD-9090-FB8F1460A5D9}.Debug|Any CPU.ActiveCfg = Debug|Any CPU
		{E04282E6-CC11-48BD-9090-FB8F1460A5D9}.Debug|Any CPU.Build.0 = Debug|Any CPU
		{E04282E6-CC11-48BD-9090-FB8F1460A5D9}.Release|Any CPU.ActiveCfg = Release|Any CPU
		{E04282E6-CC11-48BD-9090-FB8F1460A5D9}.Release|Any CPU.Build.0 = Release|Any CPU
		{1348B5F5-B788-4373-BD7F-434356D3A53D}.Debug|Any CPU.ActiveCfg = Debug|Any CPU
		{1348B5F5-B788-4373-BD7F-434356D3A53D}.Debug|Any CPU.Build.0 = Debug|Any CPU
		{1348B5F5-B788-4373-BD7F-434356D3A53D}.Release|Any CPU.ActiveCfg = Release|Any CPU
		{1348B5F5-B788-4373-BD7F-434356D3A53D}.Release|Any CPU.Build.0 = Release|Any CPU
		{1F3B81DE-0639-4EF0-BC2F-098AA8D84282}.Debug|Any CPU.ActiveCfg = Debug|Any CPU
		{1F3B81DE-0639-4EF0-BC2F-098AA8D84282}.Debug|Any CPU.Build.0 = Debug|Any CPU
		{1F3B81DE-0639-4EF0-BC2F-098AA8D84282}.Release|Any CPU.ActiveCfg = Release|Any CPU
		{1F3B81DE-0639-4EF0-BC2F-098AA8D84282}.Release|Any CPU.Build.0 = Release|Any CPU
		{67714FD8-2F55-42D8-8C27-B22381D8FCCB}.Debug|Any CPU.ActiveCfg = Debug|Any CPU
		{67714FD8-2F55-42D8-8C27-B22381D8FCCB}.Debug|Any CPU.Build.0 = Debug|Any CPU
		{67714FD8-2F55-42D8-8C27-B22381D8FCCB}.Release|Any CPU.ActiveCfg = Release|Any CPU
		{67714FD8-2F55-42D8-8C27-B22381D8FCCB}.Release|Any CPU.Build.0 = Release|Any CPU
		{374DB683-DA13-4AB0-B432-170B0BCC2F28}.Debug|Any CPU.ActiveCfg = Debug|Any CPU
		{374DB683-DA13-4AB0-B432-170B0BCC2F28}.Debug|Any CPU.Build.0 = Debug|Any CPU
		{374DB683-DA13-4AB0-B432-170B0BCC2F28}.Release|Any CPU.ActiveCfg = Release|Any CPU
		{374DB683-DA13-4AB0-B432-170B0BCC2F28}.Release|Any CPU.Build.0 = Release|Any CPU
		{2F022CE7-94FF-4C51-91CE-92C86DF6067B}.Debug|Any CPU.ActiveCfg = Debug|Any CPU
		{2F022CE7-94FF-4C51-91CE-92C86DF6067B}.Debug|Any CPU.Build.0 = Debug|Any CPU
		{2F022CE7-94FF-4C51-91CE-92C86DF6067B}.Release|Any CPU.ActiveCfg = Release|Any CPU
		{2F022CE7-94FF-4C51-91CE-92C86DF6067B}.Release|Any CPU.Build.0 = Release|Any CPU
		{BDFC4D74-E3B8-481E-A64A-3E34831229F9}.Debug|Any CPU.ActiveCfg = Debug|Any CPU
		{BDFC4D74-E3B8-481E-A64A-3E34831229F9}.Debug|Any CPU.Build.0 = Debug|Any CPU
		{BDFC4D74-E3B8-481E-A64A-3E34831229F9}.Release|Any CPU.ActiveCfg = Release|Any CPU
		{BDFC4D74-E3B8-481E-A64A-3E34831229F9}.Release|Any CPU.Build.0 = Release|Any CPU
		{E70A3DFB-A538-4577-A063-99D7EA997F8C}.Debug|Any CPU.ActiveCfg = Debug|Any CPU
		{E70A3DFB-A538-4577-A063-99D7EA997F8C}.Debug|Any CPU.Build.0 = Debug|Any CPU
		{E70A3DFB-A538-4577-A063-99D7EA997F8C}.Release|Any CPU.ActiveCfg = Release|Any CPU
		{E70A3DFB-A538-4577-A063-99D7EA997F8C}.Release|Any CPU.Build.0 = Release|Any CPU
		{AF415789-C35E-4D9B-B7EC-84D548737B38}.Debug|Any CPU.ActiveCfg = Debug|Any CPU
		{AF415789-C35E-4D9B-B7EC-84D548737B38}.Debug|Any CPU.Build.0 = Debug|Any CPU
		{AF415789-C35E-4D9B-B7EC-84D548737B38}.Release|Any CPU.ActiveCfg = Release|Any CPU
		{AF415789-C35E-4D9B-B7EC-84D548737B38}.Release|Any CPU.Build.0 = Release|Any CPU
		{0FF58B98-D278-4520-89D2-C0DA328F29AF}.Debug|Any CPU.ActiveCfg = Debug|Any CPU
		{0FF58B98-D278-4520-89D2-C0DA328F29AF}.Debug|Any CPU.Build.0 = Debug|Any CPU
		{0FF58B98-D278-4520-89D2-C0DA328F29AF}.Release|Any CPU.ActiveCfg = Release|Any CPU
		{0FF58B98-D278-4520-89D2-C0DA328F29AF}.Release|Any CPU.Build.0 = Release|Any CPU
		{7E489B9C-D5D8-4355-AE0D-BB63C5E6386F}.Debug|Any CPU.ActiveCfg = Debug|Any CPU
		{7E489B9C-D5D8-4355-AE0D-BB63C5E6386F}.Debug|Any CPU.Build.0 = Debug|Any CPU
		{7E489B9C-D5D8-4355-AE0D-BB63C5E6386F}.Release|Any CPU.ActiveCfg = Release|Any CPU
		{7E489B9C-D5D8-4355-AE0D-BB63C5E6386F}.Release|Any CPU.Build.0 = Release|Any CPU
		{B4CBD9E1-E99B-465E-9E49-C805DCB5E163}.Debug|Any CPU.ActiveCfg = Debug|Any CPU
		{B4CBD9E1-E99B-465E-9E49-C805DCB5E163}.Debug|Any CPU.Build.0 = Debug|Any CPU
		{B4CBD9E1-E99B-465E-9E49-C805DCB5E163}.Release|Any CPU.ActiveCfg = Release|Any CPU
		{B4CBD9E1-E99B-465E-9E49-C805DCB5E163}.Release|Any CPU.Build.0 = Release|Any CPU
		{6B21A307-4615-4469-8222-BFE60980B362}.Debug|Any CPU.ActiveCfg = Debug|Any CPU
		{6B21A307-4615-4469-8222-BFE60980B362}.Debug|Any CPU.Build.0 = Debug|Any CPU
		{6B21A307-4615-4469-8222-BFE60980B362}.Release|Any CPU.ActiveCfg = Release|Any CPU
		{6B21A307-4615-4469-8222-BFE60980B362}.Release|Any CPU.Build.0 = Release|Any CPU
		{10FEFF92-6822-4CF9-B995-8FF1A4CF89FF}.Debug|Any CPU.ActiveCfg = Debug|Any CPU
		{10FEFF92-6822-4CF9-B995-8FF1A4CF89FF}.Debug|Any CPU.Build.0 = Debug|Any CPU
		{10FEFF92-6822-4CF9-B995-8FF1A4CF89FF}.Release|Any CPU.ActiveCfg = Release|Any CPU
		{10FEFF92-6822-4CF9-B995-8FF1A4CF89FF}.Release|Any CPU.Build.0 = Release|Any CPU
		{EB2AEEC6-9350-4993-B4AD-91504375C6D8}.Debug|Any CPU.ActiveCfg = Debug|Any CPU
		{EB2AEEC6-9350-4993-B4AD-91504375C6D8}.Debug|Any CPU.Build.0 = Debug|Any CPU
		{EB2AEEC6-9350-4993-B4AD-91504375C6D8}.Release|Any CPU.ActiveCfg = Release|Any CPU
		{EB2AEEC6-9350-4993-B4AD-91504375C6D8}.Release|Any CPU.Build.0 = Release|Any CPU
		{DF2B099C-DF93-4CDA-9B34-37250D8BE798}.Debug|Any CPU.ActiveCfg = Debug|Any CPU
		{DF2B099C-DF93-4CDA-9B34-37250D8BE798}.Debug|Any CPU.Build.0 = Debug|Any CPU
		{DF2B099C-DF93-4CDA-9B34-37250D8BE798}.Release|Any CPU.ActiveCfg = Release|Any CPU
		{DF2B099C-DF93-4CDA-9B34-37250D8BE798}.Release|Any CPU.Build.0 = Release|Any CPU
		{8CB3FCBF-38D6-4BB1-A090-F2CF05A2D035}.Debug|Any CPU.ActiveCfg = Debug|Any CPU
		{8CB3FCBF-38D6-4BB1-A090-F2CF05A2D035}.Debug|Any CPU.Build.0 = Debug|Any CPU
		{8CB3FCBF-38D6-4BB1-A090-F2CF05A2D035}.Release|Any CPU.ActiveCfg = Release|Any CPU
		{8CB3FCBF-38D6-4BB1-A090-F2CF05A2D035}.Release|Any CPU.Build.0 = Release|Any CPU
		{4C565BD8-2716-4FCB-9640-7CFC6DDED8AE}.Debug|Any CPU.ActiveCfg = Debug|Any CPU
		{4C565BD8-2716-4FCB-9640-7CFC6DDED8AE}.Debug|Any CPU.Build.0 = Debug|Any CPU
		{4C565BD8-2716-4FCB-9640-7CFC6DDED8AE}.Release|Any CPU.ActiveCfg = Release|Any CPU
		{4C565BD8-2716-4FCB-9640-7CFC6DDED8AE}.Release|Any CPU.Build.0 = Release|Any CPU
		{F4BA9578-BF3B-461E-B80C-37E34B895600}.Debug|Any CPU.ActiveCfg = Debug|Any CPU
		{F4BA9578-BF3B-461E-B80C-37E34B895600}.Debug|Any CPU.Build.0 = Debug|Any CPU
		{F4BA9578-BF3B-461E-B80C-37E34B895600}.Release|Any CPU.ActiveCfg = Release|Any CPU
		{F4BA9578-BF3B-461E-B80C-37E34B895600}.Release|Any CPU.Build.0 = Release|Any CPU
		{FB2E068F-1241-48C8-B058-18A0B5414EB6}.Debug|Any CPU.ActiveCfg = Debug|Any CPU
		{FB2E068F-1241-48C8-B058-18A0B5414EB6}.Debug|Any CPU.Build.0 = Debug|Any CPU
		{FB2E068F-1241-48C8-B058-18A0B5414EB6}.Release|Any CPU.ActiveCfg = Release|Any CPU
		{FB2E068F-1241-48C8-B058-18A0B5414EB6}.Release|Any CPU.Build.0 = Release|Any CPU
		{1EADDDE2-4D7A-4D70-98DD-A392F4155932}.Debug|Any CPU.ActiveCfg = Debug|Any CPU
		{1EADDDE2-4D7A-4D70-98DD-A392F4155932}.Debug|Any CPU.Build.0 = Debug|Any CPU
		{1EADDDE2-4D7A-4D70-98DD-A392F4155932}.Release|Any CPU.ActiveCfg = Release|Any CPU
		{1EADDDE2-4D7A-4D70-98DD-A392F4155932}.Release|Any CPU.Build.0 = Release|Any CPU
		{86175E31-7E99-4600-84B5-227DE661EDC8}.Debug|Any CPU.ActiveCfg = Debug|Any CPU
		{86175E31-7E99-4600-84B5-227DE661EDC8}.Debug|Any CPU.Build.0 = Debug|Any CPU
		{86175E31-7E99-4600-84B5-227DE661EDC8}.Release|Any CPU.ActiveCfg = Release|Any CPU
		{86175E31-7E99-4600-84B5-227DE661EDC8}.Release|Any CPU.Build.0 = Release|Any CPU
		{8F5010F8-8015-4097-A7D0-1CA912790F92}.Debug|Any CPU.ActiveCfg = Debug|Any CPU
		{8F5010F8-8015-4097-A7D0-1CA912790F92}.Debug|Any CPU.Build.0 = Debug|Any CPU
		{8F5010F8-8015-4097-A7D0-1CA912790F92}.Release|Any CPU.ActiveCfg = Release|Any CPU
		{8F5010F8-8015-4097-A7D0-1CA912790F92}.Release|Any CPU.Build.0 = Release|Any CPU
		{AA04CA38-B729-4A2F-81D4-35B103FAD7E7}.Debug|Any CPU.ActiveCfg = Debug|Any CPU
		{AA04CA38-B729-4A2F-81D4-35B103FAD7E7}.Debug|Any CPU.Build.0 = Debug|Any CPU
		{AA04CA38-B729-4A2F-81D4-35B103FAD7E7}.Release|Any CPU.ActiveCfg = Release|Any CPU
		{AA04CA38-B729-4A2F-81D4-35B103FAD7E7}.Release|Any CPU.Build.0 = Release|Any CPU
		{1F8DE941-4644-4FE4-AD65-A62711D4E5ED}.Debug|Any CPU.ActiveCfg = Debug|Any CPU
		{1F8DE941-4644-4FE4-AD65-A62711D4E5ED}.Debug|Any CPU.Build.0 = Debug|Any CPU
		{1F8DE941-4644-4FE4-AD65-A62711D4E5ED}.Release|Any CPU.ActiveCfg = Release|Any CPU
		{1F8DE941-4644-4FE4-AD65-A62711D4E5ED}.Release|Any CPU.Build.0 = Release|Any CPU
		{5A266996-6ECA-4086-A4C6-259B1A6EDEF4}.Debug|Any CPU.ActiveCfg = Debug|Any CPU
		{5A266996-6ECA-4086-A4C6-259B1A6EDEF4}.Debug|Any CPU.Build.0 = Debug|Any CPU
		{5A266996-6ECA-4086-A4C6-259B1A6EDEF4}.Release|Any CPU.ActiveCfg = Release|Any CPU
		{5A266996-6ECA-4086-A4C6-259B1A6EDEF4}.Release|Any CPU.Build.0 = Release|Any CPU
		{2025D0A3-9D89-44E5-9984-739D141462BB}.Debug|Any CPU.ActiveCfg = Debug|Any CPU
		{2025D0A3-9D89-44E5-9984-739D141462BB}.Debug|Any CPU.Build.0 = Debug|Any CPU
		{2025D0A3-9D89-44E5-9984-739D141462BB}.Release|Any CPU.ActiveCfg = Release|Any CPU
		{2025D0A3-9D89-44E5-9984-739D141462BB}.Release|Any CPU.Build.0 = Release|Any CPU
		{C05CFD8E-6167-4541-B8DB-8C35190E9AEB}.Debug|Any CPU.ActiveCfg = Debug|Any CPU
		{C05CFD8E-6167-4541-B8DB-8C35190E9AEB}.Debug|Any CPU.Build.0 = Debug|Any CPU
		{C05CFD8E-6167-4541-B8DB-8C35190E9AEB}.Release|Any CPU.ActiveCfg = Release|Any CPU
		{C05CFD8E-6167-4541-B8DB-8C35190E9AEB}.Release|Any CPU.Build.0 = Release|Any CPU
		{EDC51712-CA9A-4D09-B793-093A6A1B4CD9}.Debug|Any CPU.ActiveCfg = Debug|Any CPU
		{EDC51712-CA9A-4D09-B793-093A6A1B4CD9}.Debug|Any CPU.Build.0 = Debug|Any CPU
		{EDC51712-CA9A-4D09-B793-093A6A1B4CD9}.Release|Any CPU.ActiveCfg = Release|Any CPU
		{EDC51712-CA9A-4D09-B793-093A6A1B4CD9}.Release|Any CPU.Build.0 = Release|Any CPU
		{94FFA355-14AD-40AF-95DC-4B2FB3AEEEF1}.Debug|Any CPU.ActiveCfg = Debug|Any CPU
		{94FFA355-14AD-40AF-95DC-4B2FB3AEEEF1}.Debug|Any CPU.Build.0 = Debug|Any CPU
		{94FFA355-14AD-40AF-95DC-4B2FB3AEEEF1}.Release|Any CPU.ActiveCfg = Release|Any CPU
		{94FFA355-14AD-40AF-95DC-4B2FB3AEEEF1}.Release|Any CPU.Build.0 = Release|Any CPU
		{E63E6A6F-D00B-489F-982C-D582E8C74398}.Debug|Any CPU.ActiveCfg = Debug|Any CPU
		{E63E6A6F-D00B-489F-982C-D582E8C74398}.Debug|Any CPU.Build.0 = Debug|Any CPU
		{E63E6A6F-D00B-489F-982C-D582E8C74398}.Release|Any CPU.ActiveCfg = Release|Any CPU
		{E63E6A6F-D00B-489F-982C-D582E8C74398}.Release|Any CPU.Build.0 = Release|Any CPU
		{D8A522A6-BF5A-49ED-B726-4B2DC67A1458}.Debug|Any CPU.ActiveCfg = Debug|Any CPU
		{D8A522A6-BF5A-49ED-B726-4B2DC67A1458}.Debug|Any CPU.Build.0 = Debug|Any CPU
		{D8A522A6-BF5A-49ED-B726-4B2DC67A1458}.Release|Any CPU.ActiveCfg = Release|Any CPU
		{D8A522A6-BF5A-49ED-B726-4B2DC67A1458}.Release|Any CPU.Build.0 = Release|Any CPU
		{CA896785-7DF9-4582-9F8D-FC6955AA3034}.Debug|Any CPU.ActiveCfg = Debug|Any CPU
		{CA896785-7DF9-4582-9F8D-FC6955AA3034}.Debug|Any CPU.Build.0 = Debug|Any CPU
		{CA896785-7DF9-4582-9F8D-FC6955AA3034}.Release|Any CPU.ActiveCfg = Release|Any CPU
		{CA896785-7DF9-4582-9F8D-FC6955AA3034}.Release|Any CPU.Build.0 = Release|Any CPU
		{B5333396-A0C9-4A88-84FF-BE62DBD5F88F}.Debug|Any CPU.ActiveCfg = Debug|Any CPU
		{B5333396-A0C9-4A88-84FF-BE62DBD5F88F}.Debug|Any CPU.Build.0 = Debug|Any CPU
		{B5333396-A0C9-4A88-84FF-BE62DBD5F88F}.Release|Any CPU.ActiveCfg = Release|Any CPU
		{B5333396-A0C9-4A88-84FF-BE62DBD5F88F}.Release|Any CPU.Build.0 = Release|Any CPU
		{FC6CC8A0-EA31-4DF3-B068-7E361B459D5C}.Debug|Any CPU.ActiveCfg = Debug|Any CPU
		{FC6CC8A0-EA31-4DF3-B068-7E361B459D5C}.Debug|Any CPU.Build.0 = Debug|Any CPU
		{FC6CC8A0-EA31-4DF3-B068-7E361B459D5C}.Release|Any CPU.ActiveCfg = Release|Any CPU
		{FC6CC8A0-EA31-4DF3-B068-7E361B459D5C}.Release|Any CPU.Build.0 = Release|Any CPU
		{ED7741B5-610B-4B12-88F1-8FE0D6C07215}.Debug|Any CPU.ActiveCfg = Debug|Any CPU
		{ED7741B5-610B-4B12-88F1-8FE0D6C07215}.Debug|Any CPU.Build.0 = Debug|Any CPU
		{ED7741B5-610B-4B12-88F1-8FE0D6C07215}.Release|Any CPU.ActiveCfg = Release|Any CPU
		{ED7741B5-610B-4B12-88F1-8FE0D6C07215}.Release|Any CPU.Build.0 = Release|Any CPU
		{DE3D88CC-5F16-4097-960C-9EAA85A04844}.Debug|Any CPU.ActiveCfg = Debug|Any CPU
		{DE3D88CC-5F16-4097-960C-9EAA85A04844}.Debug|Any CPU.Build.0 = Debug|Any CPU
		{DE3D88CC-5F16-4097-960C-9EAA85A04844}.Release|Any CPU.ActiveCfg = Release|Any CPU
		{DE3D88CC-5F16-4097-960C-9EAA85A04844}.Release|Any CPU.Build.0 = Release|Any CPU
		{DDF90E2D-8B94-40D7-A71D-9507FBCC81D6}.Debug|Any CPU.ActiveCfg = Debug|Any CPU
		{DDF90E2D-8B94-40D7-A71D-9507FBCC81D6}.Debug|Any CPU.Build.0 = Debug|Any CPU
		{DDF90E2D-8B94-40D7-A71D-9507FBCC81D6}.Release|Any CPU.ActiveCfg = Release|Any CPU
		{DDF90E2D-8B94-40D7-A71D-9507FBCC81D6}.Release|Any CPU.Build.0 = Release|Any CPU
		{DAFF67DF-114C-403D-B78F-02ABFB7F714C}.Debug|Any CPU.ActiveCfg = Debug|Any CPU
		{DAFF67DF-114C-403D-B78F-02ABFB7F714C}.Debug|Any CPU.Build.0 = Debug|Any CPU
		{DAFF67DF-114C-403D-B78F-02ABFB7F714C}.Release|Any CPU.ActiveCfg = Release|Any CPU
		{DAFF67DF-114C-403D-B78F-02ABFB7F714C}.Release|Any CPU.Build.0 = Release|Any CPU
		{A982DD3F-B03B-4CCE-A039-6361FFAEFDBA}.Debug|Any CPU.ActiveCfg = Debug|Any CPU
		{A982DD3F-B03B-4CCE-A039-6361FFAEFDBA}.Debug|Any CPU.Build.0 = Debug|Any CPU
		{A982DD3F-B03B-4CCE-A039-6361FFAEFDBA}.Release|Any CPU.ActiveCfg = Release|Any CPU
		{A982DD3F-B03B-4CCE-A039-6361FFAEFDBA}.Release|Any CPU.Build.0 = Release|Any CPU
		{A52E754A-F618-43BE-8490-0BEAA46D45DD}.Debug|Any CPU.ActiveCfg = Debug|Any CPU
		{A52E754A-F618-43BE-8490-0BEAA46D45DD}.Debug|Any CPU.Build.0 = Debug|Any CPU
		{A52E754A-F618-43BE-8490-0BEAA46D45DD}.Release|Any CPU.ActiveCfg = Release|Any CPU
		{A52E754A-F618-43BE-8490-0BEAA46D45DD}.Release|Any CPU.Build.0 = Release|Any CPU
		{AA42D1FC-1695-493D-AC92-7B5777C7C17F}.Debug|Any CPU.ActiveCfg = Debug|Any CPU
		{AA42D1FC-1695-493D-AC92-7B5777C7C17F}.Debug|Any CPU.Build.0 = Debug|Any CPU
		{AA42D1FC-1695-493D-AC92-7B5777C7C17F}.Release|Any CPU.ActiveCfg = Release|Any CPU
		{AA42D1FC-1695-493D-AC92-7B5777C7C17F}.Release|Any CPU.Build.0 = Release|Any CPU
		{E884C34B-E8F5-411E-A935-DD7201C0F22A}.Debug|Any CPU.ActiveCfg = Debug|Any CPU
		{E884C34B-E8F5-411E-A935-DD7201C0F22A}.Debug|Any CPU.Build.0 = Debug|Any CPU
		{E884C34B-E8F5-411E-A935-DD7201C0F22A}.Release|Any CPU.ActiveCfg = Release|Any CPU
		{E884C34B-E8F5-411E-A935-DD7201C0F22A}.Release|Any CPU.Build.0 = Release|Any CPU
		{D4AB6D6A-0B83-4C1B-9B49-0D4F06F6B0D4}.Debug|Any CPU.ActiveCfg = Debug|Any CPU
		{D4AB6D6A-0B83-4C1B-9B49-0D4F06F6B0D4}.Debug|Any CPU.Build.0 = Debug|Any CPU
		{D4AB6D6A-0B83-4C1B-9B49-0D4F06F6B0D4}.Release|Any CPU.ActiveCfg = Release|Any CPU
		{D4AB6D6A-0B83-4C1B-9B49-0D4F06F6B0D4}.Release|Any CPU.Build.0 = Release|Any CPU
		{1DCC8335-C926-4C6E-A057-E0704E0F3F85}.Debug|Any CPU.ActiveCfg = Debug|Any CPU
		{1DCC8335-C926-4C6E-A057-E0704E0F3F85}.Debug|Any CPU.Build.0 = Debug|Any CPU
		{1DCC8335-C926-4C6E-A057-E0704E0F3F85}.Release|Any CPU.ActiveCfg = Release|Any CPU
		{1DCC8335-C926-4C6E-A057-E0704E0F3F85}.Release|Any CPU.Build.0 = Release|Any CPU
		{3076969F-0597-4D71-853A-31C61DFB3A4C}.Debug|Any CPU.ActiveCfg = Debug|Any CPU
		{3076969F-0597-4D71-853A-31C61DFB3A4C}.Debug|Any CPU.Build.0 = Debug|Any CPU
		{3076969F-0597-4D71-853A-31C61DFB3A4C}.Release|Any CPU.ActiveCfg = Release|Any CPU
		{3076969F-0597-4D71-853A-31C61DFB3A4C}.Release|Any CPU.Build.0 = Release|Any CPU
		{A56FCDD4-8918-4013-B463-797C15BF8C7E}.Debug|Any CPU.ActiveCfg = Debug|Any CPU
		{A56FCDD4-8918-4013-B463-797C15BF8C7E}.Debug|Any CPU.Build.0 = Debug|Any CPU
		{A56FCDD4-8918-4013-B463-797C15BF8C7E}.Release|Any CPU.ActiveCfg = Release|Any CPU
		{A56FCDD4-8918-4013-B463-797C15BF8C7E}.Release|Any CPU.Build.0 = Release|Any CPU
		{5474BCDC-1D27-4BF2-B1C4-9B4B3DDD9C6A}.Debug|Any CPU.ActiveCfg = Debug|Any CPU
		{5474BCDC-1D27-4BF2-B1C4-9B4B3DDD9C6A}.Debug|Any CPU.Build.0 = Debug|Any CPU
		{5474BCDC-1D27-4BF2-B1C4-9B4B3DDD9C6A}.Release|Any CPU.ActiveCfg = Release|Any CPU
		{5474BCDC-1D27-4BF2-B1C4-9B4B3DDD9C6A}.Release|Any CPU.Build.0 = Release|Any CPU
		{1FAC22D0-6D8F-4188-8584-98F88C19AE99}.Debug|Any CPU.ActiveCfg = Debug|Any CPU
		{1FAC22D0-6D8F-4188-8584-98F88C19AE99}.Debug|Any CPU.Build.0 = Debug|Any CPU
		{1FAC22D0-6D8F-4188-8584-98F88C19AE99}.Release|Any CPU.ActiveCfg = Release|Any CPU
		{1FAC22D0-6D8F-4188-8584-98F88C19AE99}.Release|Any CPU.Build.0 = Release|Any CPU
		{8E54F78B-F48A-4920-8706-A4193F6DA2A0}.Debug|Any CPU.ActiveCfg = Debug|Any CPU
		{8E54F78B-F48A-4920-8706-A4193F6DA2A0}.Debug|Any CPU.Build.0 = Debug|Any CPU
		{8E54F78B-F48A-4920-8706-A4193F6DA2A0}.Release|Any CPU.ActiveCfg = Release|Any CPU
		{8E54F78B-F48A-4920-8706-A4193F6DA2A0}.Release|Any CPU.Build.0 = Release|Any CPU
		{B82C6657-AD03-46A7-8B50-1939189E712A}.Debug|Any CPU.ActiveCfg = Debug|Any CPU
		{B82C6657-AD03-46A7-8B50-1939189E712A}.Debug|Any CPU.Build.0 = Debug|Any CPU
		{B82C6657-AD03-46A7-8B50-1939189E712A}.Release|Any CPU.ActiveCfg = Release|Any CPU
		{B82C6657-AD03-46A7-8B50-1939189E712A}.Release|Any CPU.Build.0 = Release|Any CPU
	EndGlobalSection
	GlobalSection(SolutionProperties) = preSolution
		HideSolutionNode = FALSE
	EndGlobalSection
	GlobalSection(ExtensibilityGlobals) = postSolution
		SolutionGuid = {BA1B4DFC-73F8-4DDE-9643-F084E4CF65D3}
	EndGlobalSection
EndGlobal
